// !$*UTF8*$!
{
	archiveVersion = 1;
	classes = {
	};
	objectVersion = 55;
	objects = {

/* Begin PBXBuildFile section */
		ED0FFB932804D08F002201C6 /* Astronaut.swift in Sources */ = {isa = PBXBuildFile; fileRef = ED0FFB922804D08F002201C6 /* Astronaut.swift */; };
		ED72391E28063C0200F6356E /* astronauts.json in Resources */ = {isa = PBXBuildFile; fileRef = ED72391D28063C0200F6356E /* astronauts.json */; };
		ED72392028063C1200F6356E /* missions.json in Resources */ = {isa = PBXBuildFile; fileRef = ED72391F28063C1200F6356E /* missions.json */; };
		ED72392228063CF500F6356E /* Bundle-Decodable.swift in Sources */ = {isa = PBXBuildFile; fileRef = ED72392128063CF500F6356E /* Bundle-Decodable.swift */; };
		ED7239242806405900F6356E /* Mission.swift in Sources */ = {isa = PBXBuildFile; fileRef = ED7239232806405900F6356E /* Mission.swift */; };
		EDB7485F2801FAE3006824CB /* MoonshotApp.swift in Sources */ = {isa = PBXBuildFile; fileRef = EDB7485E2801FAE3006824CB /* MoonshotApp.swift */; };
		EDB748612801FAE3006824CB /* ContentView.swift in Sources */ = {isa = PBXBuildFile; fileRef = EDB748602801FAE3006824CB /* ContentView.swift */; };
		EDB748632801FAE4006824CB /* Assets.xcassets in Resources */ = {isa = PBXBuildFile; fileRef = EDB748622801FAE4006824CB /* Assets.xcassets */; };
		EDB748662801FAE4006824CB /* Preview Assets.xcassets in Resources */ = {isa = PBXBuildFile; fileRef = EDB748652801FAE4006824CB /* Preview Assets.xcassets */; };
		EDB7486D2801FE7A006824CB /* Images.webloc in Resources */ = {isa = PBXBuildFile; fileRef = EDB7486C2801FE7A006824CB /* Images.webloc */; };
		EDB7486F2801FE81006824CB /* missions.json.webloc in Resources */ = {isa = PBXBuildFile; fileRef = EDB7486E2801FE81006824CB /* missions.json.webloc */; };
		EDB748712801FE88006824CB /* astronauts.json.textClipping in Resources */ = {isa = PBXBuildFile; fileRef = EDB748702801FE88006824CB /* astronauts.json.textClipping */; };
		EDB7487328024B0D006824CB /* missions.json.html in Resources */ = {isa = PBXBuildFile; fileRef = EDB7487228024B0D006824CB /* missions.json.html */; };
		EDB7487528024B17006824CB /* Images.html in Resources */ = {isa = PBXBuildFile; fileRef = EDB7487428024B17006824CB /* Images.html */; };
		EDB7487728024B28006824CB /* Images.html in Resources */ = {isa = PBXBuildFile; fileRef = EDB7487628024B28006824CB /* Images.html */; };
/* End PBXBuildFile section */

/* Begin PBXFileReference section */
		ED0FFB922804D08F002201C6 /* Astronaut.swift */ = {isa = PBXFileReference; lastKnownFileType = sourcecode.swift; path = Astronaut.swift; sourceTree = "<group>"; };
		ED72391D28063C0200F6356E /* astronauts.json */ = {isa = PBXFileReference; fileEncoding = 4; lastKnownFileType = text.json; path = astronauts.json; sourceTree = "<group>"; };
		ED72391F28063C1200F6356E /* missions.json */ = {isa = PBXFileReference; fileEncoding = 4; lastKnownFileType = text.json; path = missions.json; sourceTree = "<group>"; };
		ED72392128063CF500F6356E /* Bundle-Decodable.swift */ = {isa = PBXFileReference; lastKnownFileType = sourcecode.swift; path = "Bundle-Decodable.swift"; sourceTree = "<group>"; };
		ED7239232806405900F6356E /* Mission.swift */ = {isa = PBXFileReference; lastKnownFileType = sourcecode.swift; path = Mission.swift; sourceTree = "<group>"; };
		EDB7485B2801FAE3006824CB /* Moonshot.app */ = {isa = PBXFileReference; explicitFileType = wrapper.application; includeInIndex = 0; path = Moonshot.app; sourceTree = BUILT_PRODUCTS_DIR; };
		EDB7485E2801FAE3006824CB /* MoonshotApp.swift */ = {isa = PBXFileReference; lastKnownFileType = sourcecode.swift; path = MoonshotApp.swift; sourceTree = "<group>"; };
		EDB748602801FAE3006824CB /* ContentView.swift */ = {isa = PBXFileReference; lastKnownFileType = sourcecode.swift; path = ContentView.swift; sourceTree = "<group>"; };
		EDB748622801FAE4006824CB /* Assets.xcassets */ = {isa = PBXFileReference; lastKnownFileType = folder.assetcatalog; path = Assets.xcassets; sourceTree = "<group>"; };
		EDB748652801FAE4006824CB /* Preview Assets.xcassets */ = {isa = PBXFileReference; lastKnownFileType = folder.assetcatalog; path = "Preview Assets.xcassets"; sourceTree = "<group>"; };
		EDB7486C2801FE7A006824CB /* Images.webloc */ = {isa = PBXFileReference; fileEncoding = 4; lastKnownFileType = text.xml; path = Images.webloc; sourceTree = "<group>"; };
		EDB7486E2801FE81006824CB /* missions.json.webloc */ = {isa = PBXFileReference; fileEncoding = 4; lastKnownFileType = text.xml; path = missions.json.webloc; sourceTree = "<group>"; };
		EDB748702801FE88006824CB /* astronauts.json.textClipping */ = {isa = PBXFileReference; lastKnownFileType = file.bplist; path = astronauts.json.textClipping; sourceTree = "<group>"; };
		EDB7487228024B0D006824CB /* missions.json.html */ = {isa = PBXFileReference; fileEncoding = 4; lastKnownFileType = text.html; path = missions.json.html; sourceTree = "<group>"; };
		EDB7487428024B17006824CB /* Images.html */ = {isa = PBXFileReference; fileEncoding = 4; lastKnownFileType = text.html; path = Images.html; sourceTree = "<group>"; };
		EDB7487628024B28006824CB /* Images.html */ = {isa = PBXFileReference; fileEncoding = 4; lastKnownFileType = text.html; path = Images.html; sourceTree = "<group>"; };
/* End PBXFileReference section */

/* Begin PBXFrameworksBuildPhase section */
		EDB748582801FAE3006824CB /* Frameworks */ = {
			isa = PBXFrameworksBuildPhase;
			buildActionMask = 2147483647;
			files = (
			);
			runOnlyForDeploymentPostprocessing = 0;
		};
/* End PBXFrameworksBuildPhase section */

/* Begin PBXGroup section */
		EDB748522801FAE3006824CB = {
			isa = PBXGroup;
			children = (
				EDB7485D2801FAE3006824CB /* Moonshot */,
				EDB7485C2801FAE3006824CB /* Products */,
			);
			sourceTree = "<group>";
		};
		EDB7485C2801FAE3006824CB /* Products */ = {
			isa = PBXGroup;
			children = (
				EDB7485B2801FAE3006824CB /* Moonshot.app */,
			);
			name = Products;
			sourceTree = "<group>";
		};
		EDB7485D2801FAE3006824CB /* Moonshot */ = {
			isa = PBXGroup;
			children = (
				EDB7485E2801FAE3006824CB /* MoonshotApp.swift */,
				EDB748602801FAE3006824CB /* ContentView.swift */,
				ED0FFB922804D08F002201C6 /* Astronaut.swift */,
				ED7239232806405900F6356E /* Mission.swift */,
				ED72392128063CF500F6356E /* Bundle-Decodable.swift */,
				ED72391D28063C0200F6356E /* astronauts.json */,
				ED72391F28063C1200F6356E /* missions.json */,
				EDB748622801FAE4006824CB /* Assets.xcassets */,
				EDB7487628024B28006824CB /* Images.html */,
				EDB748642801FAE4006824CB /* Preview Content */,
			);
			path = Moonshot;
			sourceTree = "<group>";
		};
		EDB748642801FAE4006824CB /* Preview Content */ = {
			isa = PBXGroup;
			children = (
				EDB7487428024B17006824CB /* Images.html */,
				EDB7487228024B0D006824CB /* missions.json.html */,
				EDB7486C2801FE7A006824CB /* Images.webloc */,
				EDB748652801FAE4006824CB /* Preview Assets.xcassets */,
				EDB7486E2801FE81006824CB /* missions.json.webloc */,
				EDB748702801FE88006824CB /* astronauts.json.textClipping */,
			);
			path = "Preview Content";
			sourceTree = "<group>";
		};
/* End PBXGroup section */

/* Begin PBXNativeTarget section */
		EDB7485A2801FAE3006824CB /* Moonshot */ = {
			isa = PBXNativeTarget;
			buildConfigurationList = EDB748692801FAE4006824CB /* Build configuration list for PBXNativeTarget "Moonshot" */;
			buildPhases = (
				EDB748572801FAE3006824CB /* Sources */,
				EDB748582801FAE3006824CB /* Frameworks */,
				EDB748592801FAE3006824CB /* Resources */,
			);
			buildRules = (
			);
			dependencies = (
			);
			name = Moonshot;
			productName = Moonshot;
			productReference = EDB7485B2801FAE3006824CB /* Moonshot.app */;
			productType = "com.apple.product-type.application";
		};
/* End PBXNativeTarget section */

/* Begin PBXProject section */
		EDB748532801FAE3006824CB /* Project object */ = {
			isa = PBXProject;
			attributes = {
				BuildIndependentTargetsInParallel = 1;
				LastSwiftUpdateCheck = 1330;
				LastUpgradeCheck = 1330;
				TargetAttributes = {
					EDB7485A2801FAE3006824CB = {
						CreatedOnToolsVersion = 13.3;
					};
				};
			};
			buildConfigurationList = EDB748562801FAE3006824CB /* Build configuration list for PBXProject "Moonshot" */;
			compatibilityVersion = "Xcode 13.0";
			developmentRegion = en;
			hasScannedForEncodings = 0;
			knownRegions = (
				en,
				Base,
			);
			mainGroup = EDB748522801FAE3006824CB;
			productRefGroup = EDB7485C2801FAE3006824CB /* Products */;
			projectDirPath = "";
			projectRoot = "";
			targets = (
				EDB7485A2801FAE3006824CB /* Moonshot */,
			);
		};
/* End PBXProject section */

/* Begin PBXResourcesBuildPhase section */
		EDB748592801FAE3006824CB /* Resources */ = {
			isa = PBXResourcesBuildPhase;
			buildActionMask = 2147483647;
			files = (
				EDB748662801FAE4006824CB /* Preview Assets.xcassets in Resources */,
				EDB748632801FAE4006824CB /* Assets.xcassets in Resources */,
				EDB7487328024B0D006824CB /* missions.json.html in Resources */,
				ED72391E28063C0200F6356E /* astronauts.json in Resources */,
				EDB7486D2801FE7A006824CB /* Images.webloc in Resources */,
				EDB7487728024B28006824CB /* Images.html in Resources */,
				ED72392028063C1200F6356E /* missions.json in Resources */,
				EDB7486F2801FE81006824CB /* missions.json.webloc in Resources */,
				EDB7487528024B17006824CB /* Images.html in Resources */,
				EDB748712801FE88006824CB /* astronauts.json.textClipping in Resources */,
			);
			runOnlyForDeploymentPostprocessing = 0;
		};
/* End PBXResourcesBuildPhase section */

/* Begin PBXSourcesBuildPhase section */
		EDB748572801FAE3006824CB /* Sources */ = {
			isa = PBXSourcesBuildPhase;
			buildActionMask = 2147483647;
			files = (
				ED0FFB932804D08F002201C6 /* Astronaut.swift in Sources */,
				EDB748612801FAE3006824CB /* ContentView.swift in Sources */,
				EDB7485F2801FAE3006824CB /* MoonshotApp.swift in Sources */,
				ED7239242806405900F6356E /* Mission.swift in Sources */,
				ED72392228063CF500F6356E /* Bundle-Decodable.swift in Sources */,
			);
			runOnlyForDeploymentPostprocessing = 0;
		};
/* End PBXSourcesBuildPhase section */

/* Begin XCBuildConfiguration section */
		EDB748672801FAE4006824CB /* Debug */ = {
			isa = XCBuildConfiguration;
			buildSettings = {
				ALWAYS_SEARCH_USER_PATHS = NO;
				CLANG_ANALYZER_NONNULL = YES;
				CLANG_ANALYZER_NUMBER_OBJECT_CONVERSION = YES_AGGRESSIVE;
				CLANG_CXX_LANGUAGE_STANDARD = "gnu++17";
				CLANG_ENABLE_MODULES = YES;
				CLANG_ENABLE_OBJC_ARC = YES;
				CLANG_ENABLE_OBJC_WEAK = YES;
				CLANG_WARN_BLOCK_CAPTURE_AUTORELEASING = YES;
				CLANG_WARN_BOOL_CONVERSION = YES;
				CLANG_WARN_COMMA = YES;
				CLANG_WARN_CONSTANT_CONVERSION = YES;
				CLANG_WARN_DEPRECATED_OBJC_IMPLEMENTATIONS = YES;
				CLANG_WARN_DIRECT_OBJC_ISA_USAGE = YES_ERROR;
				CLANG_WARN_DOCUMENTATION_COMMENTS = YES;
				CLANG_WARN_EMPTY_BODY = YES;
				CLANG_WARN_ENUM_CONVERSION = YES;
				CLANG_WARN_INFINITE_RECURSION = YES;
				CLANG_WARN_INT_CONVERSION = YES;
				CLANG_WARN_NON_LITERAL_NULL_CONVERSION = YES;
				CLANG_WARN_OBJC_IMPLICIT_RETAIN_SELF = YES;
				CLANG_WARN_OBJC_LITERAL_CONVERSION = YES;
				CLANG_WARN_OBJC_ROOT_CLASS = YES_ERROR;
				CLANG_WARN_QUOTED_INCLUDE_IN_FRAMEWORK_HEADER = YES;
				CLANG_WARN_RANGE_LOOP_ANALYSIS = YES;
				CLANG_WARN_STRICT_PROTOTYPES = YES;
				CLANG_WARN_SUSPICIOUS_MOVE = YES;
				CLANG_WARN_UNGUARDED_AVAILABILITY = YES_AGGRESSIVE;
				CLANG_WARN_UNREACHABLE_CODE = YES;
				CLANG_WARN__DUPLICATE_METHOD_MATCH = YES;
				COPY_PHASE_STRIP = NO;
				DEBUG_INFORMATION_FORMAT = dwarf;
				ENABLE_STRICT_OBJC_MSGSEND = YES;
				ENABLE_TESTABILITY = YES;
				GCC_C_LANGUAGE_STANDARD = gnu11;
				GCC_DYNAMIC_NO_PIC = NO;
				GCC_NO_COMMON_BLOCKS = YES;
				GCC_OPTIMIZATION_LEVEL = 0;
				GCC_PREPROCESSOR_DEFINITIONS = (
					"DEBUG=1",
					"$(inherited)",
				);
				GCC_WARN_64_TO_32_BIT_CONVERSION = YES;
				GCC_WARN_ABOUT_RETURN_TYPE = YES_ERROR;
				GCC_WARN_UNDECLARED_SELECTOR = YES;
				GCC_WARN_UNINITIALIZED_AUTOS = YES_AGGRESSIVE;
				GCC_WARN_UNUSED_FUNCTION = YES;
				GCC_WARN_UNUSED_VARIABLE = YES;
				IPHONEOS_DEPLOYMENT_TARGET = 15.4;
				MTL_ENABLE_DEBUG_INFO = INCLUDE_SOURCE;
				MTL_FAST_MATH = YES;
				ONLY_ACTIVE_ARCH = YES;
				SDKROOT = iphoneos;
				SWIFT_ACTIVE_COMPILATION_CONDITIONS = DEBUG;
				SWIFT_OPTIMIZATION_LEVEL = "-Onone";
			};
			name = Debug;
		};
		EDB748682801FAE4006824CB /* Release */ = {
			isa = XCBuildConfiguration;
			buildSettings = {
				ALWAYS_SEARCH_USER_PATHS = NO;
				CLANG_ANALYZER_NONNULL = YES;
				CLANG_ANALYZER_NUMBER_OBJECT_CONVERSION = YES_AGGRESSIVE;
				CLANG_CXX_LANGUAGE_STANDARD = "gnu++17";
				CLANG_ENABLE_MODULES = YES;
				CLANG_ENABLE_OBJC_ARC = YES;
				CLANG_ENABLE_OBJC_WEAK = YES;
				CLANG_WARN_BLOCK_CAPTURE_AUTORELEASING = YES;
				CLANG_WARN_BOOL_CONVERSION = YES;
				CLANG_WARN_COMMA = YES;
				CLANG_WARN_CONSTANT_CONVERSION = YES;
				CLANG_WARN_DEPRECATED_OBJC_IMPLEMENTATIONS = YES;
				CLANG_WARN_DIRECT_OBJC_ISA_USAGE = YES_ERROR;
				CLANG_WARN_DOCUMENTATION_COMMENTS = YES;
				CLANG_WARN_EMPTY_BODY = YES;
				CLANG_WARN_ENUM_CONVERSION = YES;
				CLANG_WARN_INFINITE_RECURSION = YES;
				CLANG_WARN_INT_CONVERSION = YES;
				CLANG_WARN_NON_LITERAL_NULL_CONVERSION = YES;
				CLANG_WARN_OBJC_IMPLICIT_RETAIN_SELF = YES;
				CLANG_WARN_OBJC_LITERAL_CONVERSION = YES;
				CLANG_WARN_OBJC_ROOT_CLASS = YES_ERROR;
				CLANG_WARN_QUOTED_INCLUDE_IN_FRAMEWORK_HEADER = YES;
				CLANG_WARN_RANGE_LOOP_ANALYSIS = YES;
				CLANG_WARN_STRICT_PROTOTYPES = YES;
				CLANG_WARN_SUSPICIOUS_MOVE = YES;
				CLANG_WARN_UNGUARDED_AVAILABILITY = YES_AGGRESSIVE;
				CLANG_WARN_UNREACHABLE_CODE = YES;
				CLANG_WARN__DUPLICATE_METHOD_MATCH = YES;
				COPY_PHASE_STRIP = NO;
				DEBUG_INFORMATION_FORMAT = "dwarf-with-dsym";
				ENABLE_NS_ASSERTIONS = NO;
				ENABLE_STRICT_OBJC_MSGSEND = YES;
				GCC_C_LANGUAGE_STANDARD = gnu11;
				GCC_NO_COMMON_BLOCKS = YES;
				GCC_WARN_64_TO_32_BIT_CONVERSION = YES;
				GCC_WARN_ABOUT_RETURN_TYPE = YES_ERROR;
				GCC_WARN_UNDECLARED_SELECTOR = YES;
				GCC_WARN_UNINITIALIZED_AUTOS = YES_AGGRESSIVE;
				GCC_WARN_UNUSED_FUNCTION = YES;
				GCC_WARN_UNUSED_VARIABLE = YES;
				IPHONEOS_DEPLOYMENT_TARGET = 15.4;
				MTL_ENABLE_DEBUG_INFO = NO;
				MTL_FAST_MATH = YES;
				SDKROOT = iphoneos;
				SWIFT_COMPILATION_MODE = wholemodule;
				SWIFT_OPTIMIZATION_LEVEL = "-O";
				VALIDATE_PRODUCT = YES;
			};
			name = Release;
		};
		EDB7486A2801FAE4006824CB /* Debug */ = {
			isa = XCBuildConfiguration;
			buildSettings = {
				ASSETCATALOG_COMPILER_APPICON_NAME = AppIcon;
				ASSETCATALOG_COMPILER_GLOBAL_ACCENT_COLOR_NAME = AccentColor;
				CODE_SIGN_STYLE = Automatic;
				CURRENT_PROJECT_VERSION = 1;
				DEVELOPMENT_ASSET_PATHS = "\"Moonshot/Preview Content\"";
				DEVELOPMENT_TEAM = KGKWAQ6532;
				ENABLE_PREVIEWS = YES;
				GENERATE_INFOPLIST_FILE = YES;
				INFOPLIST_KEY_UIApplicationSceneManifest_Generation = YES;
				INFOPLIST_KEY_UIApplicationSupportsIndirectInputEvents = YES;
				INFOPLIST_KEY_UILaunchScreen_Generation = YES;
				INFOPLIST_KEY_UISupportedInterfaceOrientations_iPad = "UIInterfaceOrientationPortrait UIInterfaceOrientationPortraitUpsideDown UIInterfaceOrientationLandscapeLeft UIInterfaceOrientationLandscapeRight";
				INFOPLIST_KEY_UISupportedInterfaceOrientations_iPhone = "UIInterfaceOrientationPortrait UIInterfaceOrientationLandscapeLeft UIInterfaceOrientationLandscapeRight";
				LD_RUNPATH_SEARCH_PATHS = (
					"$(inherited)",
					"@executable_path/Frameworks",
				);
				MARKETING_VERSION = 1.0;
				PRODUCT_BUNDLE_IDENTIFIER = me.viarengo.chris.Moonshot;
				PRODUCT_NAME = "$(TARGET_NAME)";
				SWIFT_EMIT_LOC_STRINGS = YES;
				SWIFT_VERSION = 5.0;
				TARGETED_DEVICE_FAMILY = "1,2";
			};
			name = Debug;
		};
		EDB7486B2801FAE4006824CB /* Release */ = {
			isa = XCBuildConfiguration;
			buildSettings = {
				ASSETCATALOG_COMPILER_APPICON_NAME = AppIcon;
				ASSETCATALOG_COMPILER_GLOBAL_ACCENT_COLOR_NAME = AccentColor;
				CODE_SIGN_STYLE = Automatic;
				CURRENT_PROJECT_VERSION = 1;
				DEVELOPMENT_ASSET_PATHS = "\"Moonshot/Preview Content\"";
				DEVELOPMENT_TEAM = KGKWAQ6532;
				ENABLE_PREVIEWS = YES;
				GENERATE_INFOPLIST_FILE = YES;
				INFOPLIST_KEY_UIApplicationSceneManifest_Generation = YES;
				INFOPLIST_KEY_UIApplicationSupportsIndirectInputEvents = YES;
				INFOPLIST_KEY_UILaunchScreen_Generation = YES;
				INFOPLIST_KEY_UISupportedInterfaceOrientations_iPad = "UIInterfaceOrientationPortrait UIInterfaceOrientationPortraitUpsideDown UIInterfaceOrientationLandscapeLeft UIInterfaceOrientationLandscapeRight";
				INFOPLIST_KEY_UISupportedInterfaceOrientations_iPhone = "UIInterfaceOrientationPortrait UIInterfaceOrientationLandscapeLeft UIInterfaceOrientationLandscapeRight";
				LD_RUNPATH_SEARCH_PATHS = (
					"$(inherited)",
					"@executable_path/Frameworks",
				);
				MARKETING_VERSION = 1.0;
				PRODUCT_BUNDLE_IDENTIFIER = me.viarengo.chris.Moonshot;
				PRODUCT_NAME = "$(TARGET_NAME)";
				SWIFT_EMIT_LOC_STRINGS = YES;
				SWIFT_VERSION = 5.0;
				TARGETED_DEVICE_FAMILY = "1,2";
			};
			name = Release;
		};
/* End XCBuildConfiguration section */

/* Begin XCConfigurationList section */
		EDB748562801FAE3006824CB /* Build configuration list for PBXProject "Moonshot" */ = {
			isa = XCConfigurationList;
			buildConfigurations = (
				EDB748672801FAE4006824CB /* Debug */,
				EDB748682801FAE4006824CB /* Release */,
			);
			defaultConfigurationIsVisible = 0;
			defaultConfigurationName = Release;
		};
		EDB748692801FAE4006824CB /* Build configuration list for PBXNativeTarget "Moonshot" */ = {
			isa = XCConfigurationList;
			buildConfigurations = (
				EDB7486A2801FAE4006824CB /* Debug */,
				EDB7486B2801FAE4006824CB /* Release */,
			);
			defaultConfigurationIsVisible = 0;
			defaultConfigurationName = Release;
		};
/* End XCConfigurationList section */
	};
	rootObject = EDB748532801FAE3006824CB /* Project object */;
}
